<?xml version="1.0" encoding="utf-8"?>
<Project ToolsVersion="17.0" xmlns="http://schemas.microsoft.com/developer/msbuild/2003">
  <ItemGroup>
    <CudaCompile Include="..\main.cu">
      <Filter>Source Files</Filter>
    </CudaCompile>
    <CudaCompile Include="..\source\hittable_list.cu">
      <Filter>Source Files</Filter>
    </CudaCompile>
    <CudaCompile Include="..\source\sphere.cu">
      <Filter>Source Files</Filter>
    </CudaCompile>
    <CudaCompile Include="..\source\vec3.cu">
      <Filter>Source Files</Filter>
    </CudaCompile>
  </ItemGroup>
  <ItemGroup>
    <CustomBuild Include="C:\Users\Kuba\Desktop\Cuda_Ray_Tracer\Cuda_Ray_Tracer\CudaRuntime1\CMakeLists.txt" />
  </ItemGroup>
  <ItemGroup>
    <Filter Include="Source Files">
      <UniqueIdentifier>{A8D6DDBC-18A2-3656-A3F8-B939AD7097F3}</UniqueIdentifier>
    </Filter>
  </ItemGroup>
</Project>
